
Microsoft Visual Studio Solution File, Format Version 12.00
# Visual Studio Version 17
VisualStudioVersion = 17.14.36401.2 d17.14
MinimumVisualStudioVersion = 10.0.40219.1
Project("{FAE04EC0-301F-11D3-BF4B-00C04F79EFBC}") = "Library1", "Library1\Library1.csproj", "{1CF972A8-3570-4A86-AEAA-BC03104F3A8E}"
EndProject
Global
	GlobalSection(SolutionConfigurationPlatforms) = preSolution
		Debug|Any CPU = Debug|Any CPU
		Release|Any CPU = Release|Any CPU
	EndGlobalSection
	GlobalSection(ProjectConfigurationPlatforms) = postSolution
		{1CF972A8-3570-4A86-AEAA-BC03104F3A8E}.Debug|Any CPU.ActiveCfg = Debug|Any CPU
		{1CF972A8-3570-4A86-AEAA-BC03104F3A8E}.Debug|Any CPU.Build.0 = Debug|Any CPU
		{1CF972A8-3570-4A86-AEAA-BC03104F3A8E}.Release|Any CPU.ActiveCfg = Release|Any CPU
		{1CF972A8-3570-4A86-AEAA-BC03104F3A8E}.Release|Any CPU.Build.0 = Release|Any CPU
	EndGlobalSection
	GlobalSection(SolutionProperties) = preSolution
		HideSolutionNode = FALSE
	EndGlobalSection
	GlobalSection(ExtensibilityGlobals) = postSolution
		SolutionGuid = {6E13C0C3-698A-480A-8CE9-CD390FEB32A7}
	EndGlobalSection
EndGlobal
